// !$*UTF8*$!
{
	archiveVersion = 1;
	classes = {
	};
	objectVersion = 50;
	objects = {

/* Begin PBXBuildFile section */
		9E23A33E26F4C5A300013285 /* CoursesView.swift in Sources */ = {isa = PBXBuildFile; fileRef = 9E23A33D26F4C5A300013285 /* CoursesView.swift */; };
		9EE2B63126F4872F00243C32 /* webviewSwiftUIApp.swift in Sources */ = {isa = PBXBuildFile; fileRef = 9EE2B63026F4872F00243C32 /* webviewSwiftUIApp.swift */; };
		9EE2B63526F4873900243C32 /* Assets.xcassets in Resources */ = {isa = PBXBuildFile; fileRef = 9EE2B63426F4873900243C32 /* Assets.xcassets */; };
		9EE2B63826F4873900243C32 /* Preview Assets.xcassets in Resources */ = {isa = PBXBuildFile; fileRef = 9EE2B63726F4873900243C32 /* Preview Assets.xcassets */; };
		9EE2B66326F4B79300243C32 /* StaffLectureView.swift in Sources */ = {isa = PBXBuildFile; fileRef = 9EE2B66226F4B79300243C32 /* StaffLectureView.swift */; };
		9EE2B66626F4B7A300243C32 /* StaffFilterLectureView.swift in Sources */ = {isa = PBXBuildFile; fileRef = 9EE2B66526F4B7A300243C32 /* StaffFilterLectureView.swift */; };
/* End PBXBuildFile section */

/* Begin PBXFileReference section */
		9E23A33D26F4C5A300013285 /* CoursesView.swift */ = {isa = PBXFileReference; lastKnownFileType = sourcecode.swift; path = CoursesView.swift; sourceTree = "<group>"; };
		9EE2B62D26F4872F00243C32 /* webviewSwiftUI.app */ = {isa = PBXFileReference; explicitFileType = wrapper.application; includeInIndex = 0; path = webviewSwiftUI.app; sourceTree = BUILT_PRODUCTS_DIR; };
		9EE2B63026F4872F00243C32 /* webviewSwiftUIApp.swift */ = {isa = PBXFileReference; lastKnownFileType = sourcecode.swift; path = webviewSwiftUIApp.swift; sourceTree = "<group>"; };
		9EE2B63426F4873900243C32 /* Assets.xcassets */ = {isa = PBXFileReference; lastKnownFileType = folder.assetcatalog; path = Assets.xcassets; sourceTree = "<group>"; };
		9EE2B63726F4873900243C32 /* Preview Assets.xcassets */ = {isa = PBXFileReference; lastKnownFileType = folder.assetcatalog; path = "Preview Assets.xcassets"; sourceTree = "<group>"; };
		9EE2B63926F4873900243C32 /* Info.plist */ = {isa = PBXFileReference; lastKnownFileType = text.plist.xml; path = Info.plist; sourceTree = "<group>"; };
		9EE2B66226F4B79300243C32 /* StaffLectureView.swift */ = {isa = PBXFileReference; lastKnownFileType = sourcecode.swift; path = StaffLectureView.swift; sourceTree = "<group>"; };
		9EE2B66526F4B7A300243C32 /* StaffFilterLectureView.swift */ = {isa = PBXFileReference; lastKnownFileType = sourcecode.swift; path = StaffFilterLectureView.swift; sourceTree = "<group>"; };
/* End PBXFileReference section */

/* Begin PBXFrameworksBuildPhase section */
		9EE2B62A26F4872F00243C32 /* Frameworks */ = {
			isa = PBXFrameworksBuildPhase;
			buildActionMask = 2147483647;
			files = (
			);
			runOnlyForDeploymentPostprocessing = 0;
		};
/* End PBXFrameworksBuildPhase section */

/* Begin PBXGroup section */
		9EE2B62426F4872F00243C32 = {
			isa = PBXGroup;
			children = (
				9EE2B62F26F4872F00243C32 /* webviewSwiftUI */,
				9EE2B62E26F4872F00243C32 /* Products */,
			);
			sourceTree = "<group>";
		};
		9EE2B62E26F4872F00243C32 /* Products */ = {
			isa = PBXGroup;
			children = (
				9EE2B62D26F4872F00243C32 /* webviewSwiftUI.app */,
			);
			name = Products;
			sourceTree = "<group>";
		};
		9EE2B62F26F4872F00243C32 /* webviewSwiftUI */ = {
			isa = PBXGroup;
			children = (
				9EE2B63026F4872F00243C32 /* webviewSwiftUIApp.swift */,
				9EE2B63426F4873900243C32 /* Assets.xcassets */,
				9EE2B63926F4873900243C32 /* Info.plist */,
				9EE2B63626F4873900243C32 /* Preview Content */,
				9EE2B66226F4B79300243C32 /* StaffLectureView.swift */,
				9EE2B66526F4B7A300243C32 /* StaffFilterLectureView.swift */,
				9E23A33D26F4C5A300013285 /* CoursesView.swift */,
			);
			path = webviewSwiftUI;
			sourceTree = "<group>";
		};
		9EE2B63626F4873900243C32 /* Preview Content */ = {
			isa = PBXGroup;
			children = (
				9EE2B63726F4873900243C32 /* Preview Assets.xcassets */,
			);
			path = "Preview Content";
			sourceTree = "<group>";
		};
/* End PBXGroup section */

/* Begin PBXNativeTarget section */
		9EE2B62C26F4872F00243C32 /* webviewSwiftUI */ = {
			isa = PBXNativeTarget;
			buildConfigurationList = 9EE2B63C26F4873900243C32 /* Build configuration list for PBXNativeTarget "webviewSwiftUI" */;
			buildPhases = (
				9EE2B62926F4872F00243C32 /* Sources */,
				9EE2B62A26F4872F00243C32 /* Frameworks */,
				9EE2B62B26F4872F00243C32 /* Resources */,
			);
			buildRules = (
			);
			dependencies = (
			);
			name = webviewSwiftUI;
			productName = webviewSwiftUI;
			productReference = 9EE2B62D26F4872F00243C32 /* webviewSwiftUI.app */;
			productType = "com.apple.product-type.application";
		};
/* End PBXNativeTarget section */

/* Begin PBXProject section */
		9EE2B62526F4872F00243C32 /* Project object */ = {
			isa = PBXProject;
			attributes = {
				LastSwiftUpdateCheck = 1240;
				LastUpgradeCheck = 1240;
				TargetAttributes = {
					9EE2B62C26F4872F00243C32 = {
						CreatedOnToolsVersion = 12.4;
					};
				};
			};
			buildConfigurationList = 9EE2B62826F4872F00243C32 /* Build configuration list for PBXProject "webviewSwiftUI" */;
			compatibilityVersion = "Xcode 9.3";
			developmentRegion = en;
			hasScannedForEncodings = 0;
			knownRegions = (
				en,
				Base,
			);
			mainGroup = 9EE2B62426F4872F00243C32;
			productRefGroup = 9EE2B62E26F4872F00243C32 /* Products */;
			projectDirPath = "";
			projectRoot = "";
			targets = (
				9EE2B62C26F4872F00243C32 /* webviewSwiftUI */,
			);
		};
/* End PBXProject section */

/* Begin PBXResourcesBuildPhase section */
		9EE2B62B26F4872F00243C32 /* Resources */ = {
			isa = PBXResourcesBuildPhase;
			buildActionMask = 2147483647;
			files = (
				9EE2B63826F4873900243C32 /* Preview Assets.xcassets in Resources */,
				9EE2B63526F4873900243C32 /* Assets.xcassets in Resources */,
			);
			runOnlyForDeploymentPostprocessing = 0;
		};
/* End PBXResourcesBuildPhase section */

/* Begin PBXSourcesBuildPhase section */
		9EE2B62926F4872F00243C32 /* Sources */ = {
			isa = PBXSourcesBuildPhase;
			buildActionMask = 2147483647;
			files = (
				9EE2B66626F4B7A300243C32 /* StaffFilterLectureView.swift in Sources */,
				9EE2B66326F4B79300243C32 /* StaffLectureView.swift in Sources */,
				9EE2B63126F4872F00243C32 /* webviewSwiftUIApp.swift in Sources */,
				9E23A33E26F4C5A300013285 /* CoursesView.swift in Sources */,
			);
			runOnlyForDeploymentPostprocessing = 0;
		};
/* End PBXSourcesBuildPhase section */

/* Begin XCBuildConfiguration section */
		9EE2B63A26F4873900243C32 /* Debug */ = {
			isa = XCBuildConfiguration;
			buildSettings = {
				ALWAYS_SEARCH_USER_PATHS = NO;
				CLANG_ANALYZER_NONNULL = YES;
				CLANG_ANALYZER_NUMBER_OBJECT_CONVERSION = YES_AGGRESSIVE;
				CLANG_CXX_LANGUAGE_STANDARD = "gnu++14";
				CLANG_CXX_LIBRARY = "libc++";
				CLANG_ENABLE_MODULES = YES;
				CLANG_ENABLE_OBJC_ARC = YES;
				CLANG_ENABLE_OBJC_WEAK = YES;
				CLANG_WARN_BLOCK_CAPTURE_AUTORELEASING = YES;
				CLANG_WARN_BOOL_CONVERSION = YES;
				CLANG_WARN_COMMA = YES;
				CLANG_WARN_CONSTANT_CONVERSION = YES;
				CLANG_WARN_DEPRECATED_OBJC_IMPLEMENTATIONS = YES;
				CLANG_WARN_DIRECT_OBJC_ISA_USAGE = YES_ERROR;
				CLANG_WARN_DOCUMENTATION_COMMENTS = YES;
				CLANG_WARN_EMPTY_BODY = YES;
				CLANG_WARN_ENUM_CONVERSION = YES;
				CLANG_WARN_INFINITE_RECURSION = YES;
				CLANG_WARN_INT_CONVERSION = YES;
				CLANG_WARN_NON_LITERAL_NULL_CONVERSION = YES;
				CLANG_WARN_OBJC_IMPLICIT_RETAIN_SELF = YES;
				CLANG_WARN_OBJC_LITERAL_CONVERSION = YES;
				CLANG_WARN_OBJC_ROOT_CLASS = YES_ERROR;
				CLANG_WARN_QUOTED_INCLUDE_IN_FRAMEWORK_HEADER = YES;
				CLANG_WARN_RANGE_LOOP_ANALYSIS = YES;
				CLANG_WARN_STRICT_PROTOTYPES = YES;
				CLANG_WARN_SUSPICIOUS_MOVE = YES;
				CLANG_WARN_UNGUARDED_AVAILABILITY = YES_AGGRESSIVE;
				CLANG_WARN_UNREACHABLE_CODE = YES;
				CLANG_WARN__DUPLICATE_METHOD_MATCH = YES;
				COPY_PHASE_STRIP = NO;
				DEBUG_INFORMATION_FORMAT = dwarf;
				ENABLE_STRICT_OBJC_MSGSEND = YES;
				ENABLE_TESTABILITY = YES;
				GCC_C_LANGUAGE_STANDARD = gnu11;
				GCC_DYNAMIC_NO_PIC = NO;
				GCC_NO_COMMON_BLOCKS = YES;
				GCC_OPTIMIZATION_LEVEL = 0;
				GCC_PREPROCESSOR_DEFINITIONS = (
					"DEBUG=1",
					"$(inherited)",
				);
				GCC_WARN_64_TO_32_BIT_CONVERSION = YES;
				GCC_WARN_ABOUT_RETURN_TYPE = YES_ERROR;
				GCC_WARN_UNDECLARED_SELECTOR = YES;
				GCC_WARN_UNINITIALIZED_AUTOS = YES_AGGRESSIVE;
				GCC_WARN_UNUSED_FUNCTION = YES;
				GCC_WARN_UNUSED_VARIABLE = YES;
				IPHONEOS_DEPLOYMENT_TARGET = 14.4;
				MTL_ENABLE_DEBUG_INFO = INCLUDE_SOURCE;
				MTL_FAST_MATH = YES;
				ONLY_ACTIVE_ARCH = YES;
				SDKROOT = iphoneos;
				SWIFT_ACTIVE_COMPILATION_CONDITIONS = DEBUG;
				SWIFT_OPTIMIZATION_LEVEL = "-Onone";
			};
			name = Debug;
		};
		9EE2B63B26F4873900243C32 /* Release */ = {
			isa = XCBuildConfiguration;
			buildSettings = {
				ALWAYS_SEARCH_USER_PATHS = NO;
				CLANG_ANALYZER_NONNULL = YES;
				CLANG_ANALYZER_NUMBER_OBJECT_CONVERSION = YES_AGGRESSIVE;
				CLANG_CXX_LANGUAGE_STANDARD = "gnu++14";
				CLANG_CXX_LIBRARY = "libc++";
				CLANG_ENABLE_MODULES = YES;
				CLANG_ENABLE_OBJC_ARC = YES;
				CLANG_ENABLE_OBJC_WEAK = YES;
				CLANG_WARN_BLOCK_CAPTURE_AUTORELEASING = YES;
				CLANG_WARN_BOOL_CONVERSION = YES;
				CLANG_WARN_COMMA = YES;
				CLANG_WARN_CONSTANT_CONVERSION = YES;
				CLANG_WARN_DEPRECATED_OBJC_IMPLEMENTATIONS = YES;
				CLANG_WARN_DIRECT_OBJC_ISA_USAGE = YES_ERROR;
				CLANG_WARN_DOCUMENTATION_COMMENTS = YES;
				CLANG_WARN_EMPTY_BODY = YES;
				CLANG_WARN_ENUM_CONVERSION = YES;
				CLANG_WARN_INFINITE_RECURSION = YES;
				CLANG_WARN_INT_CONVERSION = YES;
				CLANG_WARN_NON_LITERAL_NULL_CONVERSION = YES;
				CLANG_WARN_OBJC_IMPLICIT_RETAIN_SELF = YES;
				CLANG_WARN_OBJC_LITERAL_CONVERSION = YES;
				CLANG_WARN_OBJC_ROOT_CLASS = YES_ERROR;
				CLANG_WARN_QUOTED_INCLUDE_IN_FRAMEWORK_HEADER = YES;
				CLANG_WARN_RANGE_LOOP_ANALYSIS = YES;
				CLANG_WARN_STRICT_PROTOTYPES = YES;
				CLANG_WARN_SUSPICIOUS_MOVE = YES;
				CLANG_WARN_UNGUARDED_AVAILABILITY = YES_AGGRESSIVE;
				CLANG_WARN_UNREACHABLE_CODE = YES;
				CLANG_WARN__DUPLICATE_METHOD_MATCH = YES;
				COPY_PHASE_STRIP = NO;
				DEBUG_INFORMATION_FORMAT = "dwarf-with-dsym";
				ENABLE_NS_ASSERTIONS = NO;
				ENABLE_STRICT_OBJC_MSGSEND = YES;
				GCC_C_LANGUAGE_STANDARD = gnu11;
				GCC_NO_COMMON_BLOCKS = YES;
				GCC_WARN_64_TO_32_BIT_CONVERSION = YES;
				GCC_WARN_ABOUT_RETURN_TYPE = YES_ERROR;
				GCC_WARN_UNDECLARED_SELECTOR = YES;
				GCC_WARN_UNINITIALIZED_AUTOS = YES_AGGRESSIVE;
				GCC_WARN_UNUSED_FUNCTION = YES;
				GCC_WARN_UNUSED_VARIABLE = YES;
				IPHONEOS_DEPLOYMENT_TARGET = 14.4;
				MTL_ENABLE_DEBUG_INFO = NO;
				MTL_FAST_MATH = YES;
				SDKROOT = iphoneos;
				SWIFT_COMPILATION_MODE = wholemodule;
				SWIFT_OPTIMIZATION_LEVEL = "-O";
				VALIDATE_PRODUCT = YES;
			};
			name = Release;
		};
		9EE2B63D26F4873900243C32 /* Debug */ = {
			isa = XCBuildConfiguration;
			buildSettings = {
				ASSETCATALOG_COMPILER_APPICON_NAME = AppIcon;
				ASSETCATALOG_COMPILER_GLOBAL_ACCENT_COLOR_NAME = AccentColor;
				CODE_SIGN_STYLE = Automatic;
				DEVELOPMENT_ASSET_PATHS = "\"webviewSwiftUI/Preview Content\"";
				ENABLE_PREVIEWS = YES;
				INFOPLIST_FILE = webviewSwiftUI/Info.plist;
				IPHONEOS_DEPLOYMENT_TARGET = 14.4;
				LD_RUNPATH_SEARCH_PATHS = (
					"$(inherited)",
					"@executable_path/Frameworks",
				);
				PRODUCT_BUNDLE_IDENTIFIER = nexteducation.webviewSwiftUI;
				PRODUCT_NAME = "$(TARGET_NAME)";
				SWIFT_VERSION = 5.0;
				TARGETED_DEVICE_FAMILY = "1,2";
			};
			name = Debug;
		};
		9EE2B63E26F4873900243C32 /* Release */ = {
			isa = XCBuildConfiguration;
			buildSettings = {
				ASSETCATALOG_COMPILER_APPICON_NAME = AppIcon;
				ASSETCATALOG_COMPILER_GLOBAL_ACCENT_COLOR_NAME = AccentColor;
				CODE_SIGN_STYLE = Automatic;
				DEVELOPMENT_ASSET_PATHS = "\"webviewSwiftUI/Preview Content\"";
				ENABLE_PREVIEWS = YES;
				INFOPLIST_FILE = webviewSwiftUI/Info.plist;
				IPHONEOS_DEPLOYMENT_TARGET = 14.4;
				LD_RUNPATH_SEARCH_PATHS = (
					"$(inherited)",
					"@executable_path/Frameworks",
				);
				PRODUCT_BUNDLE_IDENTIFIER = nexteducation.webviewSwiftUI;
				PRODUCT_NAME = "$(TARGET_NAME)";
				SWIFT_VERSION = 5.0;
				TARGETED_DEVICE_FAMILY = "1,2";
			};
			name = Release;
		};
/* End XCBuildConfiguration section */

/* Begin XCConfigurationList section */
		9EE2B62826F4872F00243C32 /* Build configuration list for PBXProject "webviewSwiftUI" */ = {
			isa = XCConfigurationList;
			buildConfigurations = (
				9EE2B63A26F4873900243C32 /* Debug */,
				9EE2B63B26F4873900243C32 /* Release */,
			);
			defaultConfigurationIsVisible = 0;
			defaultConfigurationName = Release;
		};
		9EE2B63C26F4873900243C32 /* Build configuration list for PBXNativeTarget "webviewSwiftUI" */ = {
			isa = XCConfigurationList;
			buildConfigurations = (
				9EE2B63D26F4873900243C32 /* Debug */,
				9EE2B63E26F4873900243C32 /* Release */,
			);
			defaultConfigurationIsVisible = 0;
			defaultConfigurationName = Release;
		};
/* End XCConfigurationList section */
	};
	rootObject = 9EE2B62526F4872F00243C32 /* Project object */;
}
